Microsoft Visual Studio Solution File, Format Version 12.00
# Visual Studio Version 17
VisualStudioVersion = 17.13.35913.81
MinimumVisualStudioVersion = 10.0.40219.1
Project("{8BC9CEB8-8B4A-11D0-8D11-00A0C91BC942}") = "1_contig_matrix", "1_contig_matrix\1_contig_matrix.vcxproj", "{92DADAFA-1C63-4DD2-8050-CC4BED3C4346}"
EndProject
Global
	GlobalSection(SolutionConfigurationPlatforms) = preSolution
		Debug|x64 = Debug|x64
		Debug|x86 = Debug|x86
		Release|x64 = Release|x64
		Release|x86 = Release|x86
	EndGlobalSection
	GlobalSection(ProjectConfigurationPlatforms) = postSolution
		{92DADAFA-1C63-4DD2-8050-CC4BED3C4346}.Debug|x64.ActiveCfg = Debug|x64
		{92DADAFA-1C63-4DD2-8050-CC4BED3C4346}.Debug|x64.Build.0 = Debug|x64
		{92DADAFA-1C63-4DD2-8050-CC4BED3C4346}.Debug|x86.ActiveCfg = Debug|Win32
		{92DADAFA-1C63-4DD2-8050-CC4BED3C4346}.Debug|x86.Build.0 = Debug|Win32
		{92DADAFA-1C63-4DD2-8050-CC4BED3C4346}.Release|x64.ActiveCfg = Release|x64
		{92DADAFA-1C63-4DD2-8050-CC4BED3C4346}.Release|x64.Build.0 = Release|x64
		{92DADAFA-1C63-4DD2-8050-CC4BED3C4346}.Release|x86.ActiveCfg = Release|Win32
		{92DADAFA-1C63-4DD2-8050-CC4BED3C4346}.Release|x86.Build.0 = Release|Win32
	EndGlobalSection
	GlobalSection(SolutionProperties) = preSolution
		HideSolutionNode = FALSE
	EndGlobalSection
	GlobalSection(ExtensibilityGlobals) = postSolution
		SolutionGuid = {D369D5AE-AB1A-4384-BE72-6E315E4852D0}
	EndGlobalSection
EndGlobal
