
Microsoft Visual Studio Solution File, Format Version 12.00
# Visual Studio Version 17
VisualStudioVersion = 17.12.35707.178
MinimumVisualStudioVersion = 10.0.40219.1
Project("{8BC9CEB8-8B4A-11D0-8D11-00A0C91BC942}") = "1_RecurrentRelations", "1_RecurrentRelations\1_RecurrentRelations.vcxproj", "{68DBE77F-74D0-4267-BB65-1366BF97FE86}"
EndProject
Project("{8BC9CEB8-8B4A-11D0-8D11-00A0C91BC942}") = "4matrix", "4matrix\4matrix.vcxproj", "{966C8D1E-CC5D-488D-ABD3-94598EDB0F78}"
EndProject
Project("{8BC9CEB8-8B4A-11D0-8D11-00A0C91BC942}") = "5_LCS", "5_lcs\5_lcs.vcxproj", "{B883D306-C80A-416E-B8DC-99836D28A815}"
EndProject
Project("{8BC9CEB8-8B4A-11D0-8D11-00A0C91BC942}") = "6_Palindrome", "6_Palindrome\6_Palindrome.vcxproj", "{60CF84EA-88B0-43BF-9327-897A5AC265DD}"
EndProject
Project("{8BC9CEB8-8B4A-11D0-8D11-00A0C91BC942}") = "7_LIS", "7_LIS\7_LIS.vcxproj", "{7B3E90E7-F4BB-493F-B061-A55221D4F58B}"
EndProject
Project("{8BC9CEB8-8B4A-11D0-8D11-00A0C91BC942}") = "8_LD", "8_LD\8_LD.vcxproj", "{28B3F35B-EFEF-419B-A729-E55515D3BABC}"
EndProject
Global
	GlobalSection(SolutionConfigurationPlatforms) = preSolution
		Debug|x64 = Debug|x64
		Debug|x86 = Debug|x86
		Release|x64 = Release|x64
		Release|x86 = Release|x86
	EndGlobalSection
	GlobalSection(ProjectConfigurationPlatforms) = postSolution
		{68DBE77F-74D0-4267-BB65-1366BF97FE86}.Debug|x64.ActiveCfg = Debug|x64
		{68DBE77F-74D0-4267-BB65-1366BF97FE86}.Debug|x64.Build.0 = Debug|x64
		{68DBE77F-74D0-4267-BB65-1366BF97FE86}.Debug|x86.ActiveCfg = Debug|Win32
		{68DBE77F-74D0-4267-BB65-1366BF97FE86}.Debug|x86.Build.0 = Debug|Win32
		{68DBE77F-74D0-4267-BB65-1366BF97FE86}.Release|x64.ActiveCfg = Release|x64
		{68DBE77F-74D0-4267-BB65-1366BF97FE86}.Release|x64.Build.0 = Release|x64
		{68DBE77F-74D0-4267-BB65-1366BF97FE86}.Release|x86.ActiveCfg = Release|Win32
		{68DBE77F-74D0-4267-BB65-1366BF97FE86}.Release|x86.Build.0 = Release|Win32
		{966C8D1E-CC5D-488D-ABD3-94598EDB0F78}.Debug|x64.ActiveCfg = Debug|x64
		{966C8D1E-CC5D-488D-ABD3-94598EDB0F78}.Debug|x64.Build.0 = Debug|x64
		{966C8D1E-CC5D-488D-ABD3-94598EDB0F78}.Debug|x86.ActiveCfg = Debug|Win32
		{966C8D1E-CC5D-488D-ABD3-94598EDB0F78}.Debug|x86.Build.0 = Debug|Win32
		{966C8D1E-CC5D-488D-ABD3-94598EDB0F78}.Release|x64.ActiveCfg = Release|x64
		{966C8D1E-CC5D-488D-ABD3-94598EDB0F78}.Release|x64.Build.0 = Release|x64
		{966C8D1E-CC5D-488D-ABD3-94598EDB0F78}.Release|x86.ActiveCfg = Release|Win32
		{966C8D1E-CC5D-488D-ABD3-94598EDB0F78}.Release|x86.Build.0 = Release|Win32
		{B883D306-C80A-416E-B8DC-99836D28A815}.Debug|x64.ActiveCfg = Debug|x64
		{B883D306-C80A-416E-B8DC-99836D28A815}.Debug|x64.Build.0 = Debug|x64
		{B883D306-C80A-416E-B8DC-99836D28A815}.Debug|x86.ActiveCfg = Debug|Win32
		{B883D306-C80A-416E-B8DC-99836D28A815}.Debug|x86.Build.0 = Debug|Win32
		{B883D306-C80A-416E-B8DC-99836D28A815}.Release|x64.ActiveCfg = Release|x64
		{B883D306-C80A-416E-B8DC-99836D28A815}.Release|x64.Build.0 = Release|x64
		{B883D306-C80A-416E-B8DC-99836D28A815}.Release|x86.ActiveCfg = Release|Win32
		{B883D306-C80A-416E-B8DC-99836D28A815}.Release|x86.Build.0 = Release|Win32
		{60CF84EA-88B0-43BF-9327-897A5AC265DD}.Debug|x64.ActiveCfg = Debug|x64
		{60CF84EA-88B0-43BF-9327-897A5AC265DD}.Debug|x64.Build.0 = Debug|x64
		{60CF84EA-88B0-43BF-9327-897A5AC265DD}.Debug|x86.ActiveCfg = Debug|Win32
		{60CF84EA-88B0-43BF-9327-897A5AC265DD}.Debug|x86.Build.0 = Debug|Win32
		{60CF84EA-88B0-43BF-9327-897A5AC265DD}.Release|x64.ActiveCfg = Release|x64
		{60CF84EA-88B0-43BF-9327-897A5AC265DD}.Release|x64.Build.0 = Release|x64
		{60CF84EA-88B0-43BF-9327-897A5AC265DD}.Release|x86.ActiveCfg = Release|Win32
		{60CF84EA-88B0-43BF-9327-897A5AC265DD}.Release|x86.Build.0 = Release|Win32
		{7B3E90E7-F4BB-493F-B061-A55221D4F58B}.Debug|x64.ActiveCfg = Debug|x64
		{7B3E90E7-F4BB-493F-B061-A55221D4F58B}.Debug|x64.Build.0 = Debug|x64
		{7B3E90E7-F4BB-493F-B061-A55221D4F58B}.Debug|x86.ActiveCfg = Debug|Win32
		{7B3E90E7-F4BB-493F-B061-A55221D4F58B}.Debug|x86.Build.0 = Debug|Win32
		{7B3E90E7-F4BB-493F-B061-A55221D4F58B}.Release|x64.ActiveCfg = Release|x64
		{7B3E90E7-F4BB-493F-B061-A55221D4F58B}.Release|x64.Build.0 = Release|x64
		{7B3E90E7-F4BB-493F-B061-A55221D4F58B}.Release|x86.ActiveCfg = Release|Win32
		{7B3E90E7-F4BB-493F-B061-A55221D4F58B}.Release|x86.Build.0 = Release|Win32
		{28B3F35B-EFEF-419B-A729-E55515D3BABC}.Debug|x64.ActiveCfg = Debug|x64
		{28B3F35B-EFEF-419B-A729-E55515D3BABC}.Debug|x64.Build.0 = Debug|x64
		{28B3F35B-EFEF-419B-A729-E55515D3BABC}.Debug|x86.ActiveCfg = Debug|Win32
		{28B3F35B-EFEF-419B-A729-E55515D3BABC}.Debug|x86.Build.0 = Debug|Win32
		{28B3F35B-EFEF-419B-A729-E55515D3BABC}.Release|x64.ActiveCfg = Release|x64
		{28B3F35B-EFEF-419B-A729-E55515D3BABC}.Release|x64.Build.0 = Release|x64
		{28B3F35B-EFEF-419B-A729-E55515D3BABC}.Release|x86.ActiveCfg = Release|Win32
		{28B3F35B-EFEF-419B-A729-E55515D3BABC}.Release|x86.Build.0 = Release|Win32
	EndGlobalSection
	GlobalSection(SolutionProperties) = preSolution
		HideSolutionNode = FALSE
	EndGlobalSection
	GlobalSection(ExtensibilityGlobals) = postSolution
		SolutionGuid = {975342BA-85BE-4927-9F7D-CB2F9EB7E4A2}
	EndGlobalSection
EndGlobal
