
Microsoft Visual Studio Solution File, Format Version 12.00
# Visual Studio Version 17
VisualStudioVersion = 17.13.35825.156
MinimumVisualStudioVersion = 10.0.40219.1
Project("{8BC9CEB8-8B4A-11D0-8D11-00A0C91BC942}") = "4_Huffman", "4_Huffman\4_Huffman.vcxproj", "{FF0F8ABA-9C9F-416D-A4AB-1E01E9BB3019}"
EndProject
Project("{8BC9CEB8-8B4A-11D0-8D11-00A0C91BC942}") = "5_roads", "5_roads\5_roads.vcxproj", "{3B036C5E-D92B-4A47-8255-786D9337AF37}"
EndProject
Project("{8BC9CEB8-8B4A-11D0-8D11-00A0C91BC942}") = "8_range_sum_query", "8_range_sum_query\8_range_sum_query.vcxproj", "{A4B0651E-B997-4249-B18D-A0DE4D8A63D0}"
EndProject
Project("{8BC9CEB8-8B4A-11D0-8D11-00A0C91BC942}") = "10_hash_table", "10_hash_table\10_hash_table.vcxproj", "{DA95FF20-5E34-4B84-9300-D18F84442F35}"
EndProject
Global
	GlobalSection(SolutionConfigurationPlatforms) = preSolution
		Debug|x64 = Debug|x64
		Debug|x86 = Debug|x86
		Release|x64 = Release|x64
		Release|x86 = Release|x86
	EndGlobalSection
	GlobalSection(ProjectConfigurationPlatforms) = postSolution
		{FF0F8ABA-9C9F-416D-A4AB-1E01E9BB3019}.Debug|x64.ActiveCfg = Debug|x64
		{FF0F8ABA-9C9F-416D-A4AB-1E01E9BB3019}.Debug|x64.Build.0 = Debug|x64
		{FF0F8ABA-9C9F-416D-A4AB-1E01E9BB3019}.Debug|x86.ActiveCfg = Debug|Win32
		{FF0F8ABA-9C9F-416D-A4AB-1E01E9BB3019}.Debug|x86.Build.0 = Debug|Win32
		{FF0F8ABA-9C9F-416D-A4AB-1E01E9BB3019}.Release|x64.ActiveCfg = Release|x64
		{FF0F8ABA-9C9F-416D-A4AB-1E01E9BB3019}.Release|x64.Build.0 = Release|x64
		{FF0F8ABA-9C9F-416D-A4AB-1E01E9BB3019}.Release|x86.ActiveCfg = Release|Win32
		{FF0F8ABA-9C9F-416D-A4AB-1E01E9BB3019}.Release|x86.Build.0 = Release|Win32
		{3B036C5E-D92B-4A47-8255-786D9337AF37}.Debug|x64.ActiveCfg = Debug|x64
		{3B036C5E-D92B-4A47-8255-786D9337AF37}.Debug|x64.Build.0 = Debug|x64
		{3B036C5E-D92B-4A47-8255-786D9337AF37}.Debug|x86.ActiveCfg = Debug|Win32
		{3B036C5E-D92B-4A47-8255-786D9337AF37}.Debug|x86.Build.0 = Debug|Win32
		{3B036C5E-D92B-4A47-8255-786D9337AF37}.Release|x64.ActiveCfg = Release|x64
		{3B036C5E-D92B-4A47-8255-786D9337AF37}.Release|x64.Build.0 = Release|x64
		{3B036C5E-D92B-4A47-8255-786D9337AF37}.Release|x86.ActiveCfg = Release|Win32
		{3B036C5E-D92B-4A47-8255-786D9337AF37}.Release|x86.Build.0 = Release|Win32
		{A4B0651E-B997-4249-B18D-A0DE4D8A63D0}.Debug|x64.ActiveCfg = Debug|x64
		{A4B0651E-B997-4249-B18D-A0DE4D8A63D0}.Debug|x64.Build.0 = Debug|x64
		{A4B0651E-B997-4249-B18D-A0DE4D8A63D0}.Debug|x86.ActiveCfg = Debug|Win32
		{A4B0651E-B997-4249-B18D-A0DE4D8A63D0}.Debug|x86.Build.0 = Debug|Win32
		{A4B0651E-B997-4249-B18D-A0DE4D8A63D0}.Release|x64.ActiveCfg = Release|x64
		{A4B0651E-B997-4249-B18D-A0DE4D8A63D0}.Release|x64.Build.0 = Release|x64
		{A4B0651E-B997-4249-B18D-A0DE4D8A63D0}.Release|x86.ActiveCfg = Release|Win32
		{A4B0651E-B997-4249-B18D-A0DE4D8A63D0}.Release|x86.Build.0 = Release|Win32
		{DA95FF20-5E34-4B84-9300-D18F84442F35}.Debug|x64.ActiveCfg = Debug|x64
		{DA95FF20-5E34-4B84-9300-D18F84442F35}.Debug|x64.Build.0 = Debug|x64
		{DA95FF20-5E34-4B84-9300-D18F84442F35}.Debug|x86.ActiveCfg = Debug|Win32
		{DA95FF20-5E34-4B84-9300-D18F84442F35}.Debug|x86.Build.0 = Debug|Win32
		{DA95FF20-5E34-4B84-9300-D18F84442F35}.Release|x64.ActiveCfg = Release|x64
		{DA95FF20-5E34-4B84-9300-D18F84442F35}.Release|x64.Build.0 = Release|x64
		{DA95FF20-5E34-4B84-9300-D18F84442F35}.Release|x86.ActiveCfg = Release|Win32
		{DA95FF20-5E34-4B84-9300-D18F84442F35}.Release|x86.Build.0 = Release|Win32
	EndGlobalSection
	GlobalSection(SolutionProperties) = preSolution
		HideSolutionNode = FALSE
	EndGlobalSection
	GlobalSection(ExtensibilityGlobals) = postSolution
		SolutionGuid = {048DD8B5-B584-4404-B335-35B255CF8E6C}
	EndGlobalSection
EndGlobal
